{
  "nodes": {
    "darwin": {
      "inputs": {
        "nixpkgs": [
          "nixpkgs"
        ]
      },
      "locked": {
        "lastModified": 1720599442,
        "narHash": "sha256-jdm+sKVbBXoyrxcHbVaV0htlpq2iFR+eJw3Xe/DPcDo=",
        "owner": "lnl7",
        "repo": "nix-darwin",
        "rev": "cf297a8d248db6a455b60133f6c0029c04ebe50e",
        "type": "github"
      },
      "original": {
        "owner": "lnl7",
        "repo": "nix-darwin",
        "type": "github"
      }
    },
    "home-manager": {
      "inputs": {
        "nixpkgs": [
          "nixpkgs"
        ]
      },
      "locked": {
        "lastModified": 1720042825,
        "narHash": "sha256-A0vrUB6x82/jvf17qPCpxaM+ulJnD8YZwH9Ci0BsAzE=",
        "owner": "nix-community",
        "repo": "home-manager",
        "rev": "e1391fb22e18a36f57e6999c7a9f966dc80ac073",
        "type": "github"
      },
      "original": {
        "owner": "nix-community",
        "ref": "release-24.05",
        "repo": "home-manager",
        "type": "github"
      }
    },
    "matejasblog": {
      "inputs": {
        "matejascv": "matejascv",
        "nixpkgs": [
          "nixpkgs"
        ]
      },
      "locked": {
        "lastModified": 1714311369,
        "narHash": "sha256-Qd6GAe152Yzufopc/ir9nRCMXJUSblEwlRVhB2rQewo=",
        "owner": "MatejaMaric",
        "repo": "blog",
        "rev": "c942a67b1a7dde44ee6948823657831b9b789599",
        "type": "github"
      },
      "original": {
        "owner": "MatejaMaric",
        "repo": "blog",
        "type": "github"
      }
    },
    "matejascv": {
      "inputs": {
        "nixpkgs": [
          "matejasblog",
          "nixpkgs"
        ]
      },
      "locked": {
        "lastModified": 1712775290,
        "narHash": "sha256-SHNvzxFZ3aMeec209Oo9FIdO+vFyKOklFVOXjzWDG4s=",
        "owner": "MatejaMaric",
        "repo": "cv",
        "rev": "edd79a133705536b62983372298f2dbcafac80b6",
        "type": "github"
      },
      "original": {
        "owner": "MatejaMaric",
        "repo": "cv",
        "type": "github"
      }
    },
    "nixos-hardware": {
      "locked": {
        "lastModified": 1720515935,
        "narHash": "sha256-8b+fzR4W2hI5axwB+4nBwoA15awPKkck4ghhCt8v39M=",
        "owner": "NixOS",
        "repo": "nixos-hardware",
        "rev": "a111ce6b537df12a39874aa9672caa87f8677eda",
        "type": "github"
      },
      "original": {
        "owner": "NixOS",
        "ref": "master",
        "repo": "nixos-hardware",
        "type": "github"
      }
    },
    "nixpkgs": {
      "locked": {
        "lastModified": 1720553833,
        "narHash": "sha256-IXMiHQMtdShDXcBW95ctA+m5Oq2kLxnBt7WlMxvDQXA=",
        "owner": "NixOS",
        "repo": "nixpkgs",
        "rev": "249fbde2a178a2ea2638b65b9ecebd531b338cf9",
        "type": "github"
      },
      "original": {
        "owner": "NixOS",
        "ref": "nixos-24.05",
        "repo": "nixpkgs",
        "type": "github"
      }
    },
    "nixpkgs-r2311": {
      "locked": {
        "lastModified": 1719957072,
        "narHash": "sha256-gvFhEf5nszouwLAkT9nWsDzocUTqLWHuL++dvNjMp9I=",
        "owner": "NixOS",
        "repo": "nixpkgs",
        "rev": "7144d6241f02d171d25fba3edeaf15e0f2592105",
        "type": "github"
      },
      "original": {
        "owner": "NixOS",
        "ref": "nixos-23.11",
        "repo": "nixpkgs",
        "type": "github"
      }
    },
    "nixpkgs-unstable": {
      "locked": {
        "lastModified": 1720657034,
        "narHash": "sha256-nPhbeFdyN8yn+EXmnPcBWisoypndtQbNIhSKmAinv3E=",
        "owner": "NixOS",
        "repo": "nixpkgs",
        "rev": "212defe037698e18fc9521dfe451779a8979844c",
        "type": "github"
      },
      "original": {
        "owner": "NixOS",
        "ref": "nixpkgs-unstable",
        "repo": "nixpkgs",
        "type": "github"
      }
    },
    "root": {
      "inputs": {
        "darwin": "darwin",
        "home-manager": "home-manager",
        "matejasblog": "matejasblog",
        "nixos-hardware": "nixos-hardware",
        "nixpkgs": "nixpkgs",
        "nixpkgs-r2311": "nixpkgs-r2311",
        "nixpkgs-unstable": "nixpkgs-unstable",
        "yotaLaravel": "yotaLaravel"
      }
    },
    "yotaLaravel": {
      "inputs": {
        "nixpkgs": [
          "nixpkgs"
        ]
      },
      "locked": {
        "lastModified": 1715881660,
        "narHash": "sha256-bukFa5PaDnbdNn/QQdkmFrKvnd70OSXWxjCkV2SG8I4=",
        "owner": "MatejaMaric",
        "repo": "yota-laravel",
        "rev": "0ee30435fe94918836360022ddb3e24cfeed384a",
        "type": "github"
      },
      "original": {
        "owner": "MatejaMaric",
        "repo": "yota-laravel",
        "type": "github"
      }
    }
  },
  "root": "root",
  "version": 7
}
