{
  "nodes": {
    "darwin": {
      "inputs": {
        "nixpkgs": [
          "nixpkgs-darwin"
        ]
      },
      "locked": {
        "lastModified": 1783744694,
        "narHash": "sha256-2cp6N3rrwnGYLTx9l6N+NI+kwrCWxvJUbj5WJhvB29A=",
        "owner": "lnl7",
        "repo": "nix-darwin",
        "rev": "c3e90c89649b07d1a96e4b9dd6cd0d6e44b91a74",
        "type": "github"
      },
      "original": {
        "owner": "lnl7",
        "ref": "nix-darwin-26.05",
        "repo": "nix-darwin",
        "type": "github"
      }
    },
    "disko": {
      "inputs": {
        "nixpkgs": [
          "nixpkgs"
        ]
      },
      "locked": {
        "lastModified": 1789770686,
        "narHash": "sha256-uZkBR7yHdIKUFB5SZdfgh1qkGfI3XmYmI/lTiquxbck=",
        "owner": "nix-community",
        "repo": "disko",
        "rev": "725ea35e410ad83be4931d1bff7e090eacaf3563",
        "type": "github"
      },
      "original": {
        "owner": "nix-community",
        "repo": "disko",
        "type": "github"
      }
    },
    "home-manager": {
      "inputs": {
        "nixpkgs": [
          "nixpkgs"
        ]
      },
      "locked": {
        "lastModified": 1790996401,
        "narHash": "sha256-f+kOxEmOUnQazVAmGg0i8hzwgd1kX/geY+k/Dpheye8=",
        "owner": "nix-community",
        "repo": "home-manager",
        "rev": "db7d5e2332710f5abb088f6b5de927d7f9511b35",
        "type": "github"
      },
      "original": {
        "owner": "nix-community",
        "ref": "release-26.05",
        "repo": "home-manager",
        "type": "github"
      }
    },
    "matejasblog": {
      "inputs": {
        "matejascv": "matejascv",
        "nixpkgs": [
          "nixpkgs"
        ]
      },
      "locked": {
        "lastModified": 1733170503,
        "narHash": "sha256-LL5myFOh3HaHYM8y0zsjkGlLvJjrq752jLd4OmLSjZA=",
        "owner": "MatejaMaric",
        "repo": "blog",
        "rev": "9fac2c29fc2b79d515ec594a2a6762060cf13ef1",
        "type": "github"
      },
      "original": {
        "owner": "MatejaMaric",
        "repo": "blog",
        "type": "github"
      }
    },
    "matejascv": {
      "inputs": {
        "nixpkgs": [
          "matejasblog",
          "nixpkgs"
        ]
      },
      "locked": {
        "lastModified": 1712775290,
        "narHash": "sha256-SHNvzxFZ3aMeec209Oo9FIdO+vFyKOklFVOXjzWDG4s=",
        "owner": "MatejaMaric",
        "repo": "cv",
        "rev": "edd79a133705536b62983372298f2dbcafac80b6",
        "type": "github"
      },
      "original": {
        "owner": "MatejaMaric",
        "repo": "cv",
        "type": "github"
      }
    },
    "nixos-hardware": {
      "inputs": {
        "nixpkgs": "nixpkgs"
      },
      "locked": {
        "lastModified": 1790948122,
        "narHash": "sha256-fDMYyzY1lI5b8RuCMrvoaIgTeRwNnTG4dNk1ucROlQE=",
        "owner": "NixOS",
        "repo": "nixos-hardware",
        "rev": "0953bb1a609df63013176e3463393f8df993d3ef",
        "type": "github"
      },
      "original": {
        "owner": "NixOS",
        "ref": "master",
        "repo": "nixos-hardware",
        "type": "github"
      }
    },
    "nixpkgs": {
      "locked": {
        "lastModified": 1789546076,
        "narHash": "sha256-vWkSk5bbfTqdtMoSgD9FshACO8JCvXTFi+3cqEp0mH0=",
        "rev": "b1b875982b17dabde9b4a37f3e229e74913e6db3",
        "type": "tarball",
        "url": "https://releases.nixos.org/nixos/unstable/nixos-26.11pre1074753.b1b875982b17/nixexprs.tar.xz"
      },
      "original": {
        "type": "tarball",
        "url": "https://channels.nixos.org/nixos-unstable/nixexprs.tar.xz"
      }
    },
    "nixpkgs-darwin": {
      "locked": {
        "lastModified": 1790772421,
        "narHash": "sha256-754eQtr0m8xKtNnKYhX7ukI7XaA7oeiQpui1LiEuhyU=",
        "owner": "NixOS",
        "repo": "nixpkgs",
        "rev": "e49322d1ec25b45f7c587c5fd69ac826d1a57dbc",
        "type": "github"
      },
      "original": {
        "owner": "NixOS",
        "ref": "nixpkgs-26.05-darwin",
        "repo": "nixpkgs",
        "type": "github"
      }
    },
    "nixpkgs-unstable": {
      "locked": {
        "lastModified": 1790769526,
        "narHash": "sha256-5AIVFLRcx8YAwbFTVPTs7YhwJH7JyHfAQsvXmpovcXI=",
        "owner": "NixOS",
        "repo": "nixpkgs",
        "rev": "c9fe7d12cd78d1adcd12dd15e24432dde5b155a0",
        "type": "github"
      },
      "original": {
        "owner": "NixOS",
        "ref": "nixpkgs-unstable",
        "repo": "nixpkgs",
        "type": "github"
      }
    },
    "nixpkgs_2": {
      "locked": {
        "lastModified": 1790920529,
        "narHash": "sha256-nQyFkMR78WP6PiXKkDW2SjqzLf/spQqjRuxRGSbcV8k=",
        "owner": "NixOS",
        "repo": "nixpkgs",
        "rev": "774debe7a0d1b496e35677ad955a1011c6ff74f3",
        "type": "github"
      },
      "original": {
        "owner": "NixOS",
        "ref": "nixos-26.05",
        "repo": "nixpkgs",
        "type": "github"
      }
    },
    "openlogi": {
      "inputs": {
        "nixpkgs": [
          "nixpkgs-unstable"
        ],
        "rust-overlay": "rust-overlay"
      },
      "locked": {
        "lastModified": 1790942082,
        "narHash": "sha256-i9rD1ZuMww8RbXaCgOzfv+4jM2lKemL4fPUUrqzgbyY=",
        "owner": "AprilNEA",
        "repo": "OpenLogi",
        "rev": "4863a45e256d80404b95232b513793cbccb5d6d6",
        "type": "github"
      },
      "original": {
        "owner": "AprilNEA",
        "repo": "OpenLogi",
        "type": "github"
      }
    },
    "root": {
      "inputs": {
        "darwin": "darwin",
        "disko": "disko",
        "home-manager": "home-manager",
        "matejasblog": "matejasblog",
        "nixos-hardware": "nixos-hardware",
        "nixpkgs": "nixpkgs_2",
        "nixpkgs-darwin": "nixpkgs-darwin",
        "nixpkgs-unstable": "nixpkgs-unstable",
        "openlogi": "openlogi",
        "yotaLaravel": "yotaLaravel"
      }
    },
    "rust-overlay": {
      "inputs": {
        "nixpkgs": [
          "openlogi",
          "nixpkgs"
        ]
      },
      "locked": {
        "lastModified": 1790756160,
        "narHash": "sha256-NPs4nNLxCpho3Ctj8O7t/bzmX0zR8r0zndKghAFEz5U=",
        "owner": "oxalica",
        "repo": "rust-overlay",
        "rev": "ed3a19fd0439ed618ec5fe1e12f0ba69a8be38b5",
        "type": "github"
      },
      "original": {
        "owner": "oxalica",
        "repo": "rust-overlay",
        "type": "github"
      }
    },
    "yotaLaravel": {
      "inputs": {
        "nixpkgs": [
          "nixpkgs"
        ]
      },
      "locked": {
        "lastModified": 1715881660,
        "narHash": "sha256-bukFa5PaDnbdNn/QQdkmFrKvnd70OSXWxjCkV2SG8I4=",
        "owner": "MatejaMaric",
        "repo": "yota-laravel",
        "rev": "0ee30435fe94918836360022ddb3e24cfeed384a",
        "type": "github"
      },
      "original": {
        "owner": "MatejaMaric",
        "repo": "yota-laravel",
        "type": "github"
      }
    }
  },
  "root": "root",
  "version": 7
}
